
Microsoft Visual Studio Solution File, Format Version 12.00
# Visual Studio 15
VisualStudioVersion = 15.0.28307.1000
MinimumVisualStudioVersion = 10.0.40219.1
Project("{FAE04EC0-301F-11D3-BF4B-00C04F79EFBC}") = "texteditor", "texteditor\texteditor.csproj", "{F1CCB315-C4A0-4C92-A00D-53D82748B6A5}"
EndProject
Global
	GlobalSection(SolutionConfigurationPlatforms) = preSolution
		Debug|Any CPU = Debug|Any CPU
		Release|Any CPU = Release|Any CPU
	EndGlobalSection
	GlobalSection(ProjectConfigurationPlatforms) = postSolution
		{F1CCB315-C4A0-4C92-A00D-53D82748B6A5}.Debug|Any CPU.ActiveCfg = Debug|Any CPU
		{F1CCB315-C4A0-4C92-A00D-53D82748B6A5}.Debug|Any CPU.Build.0 = Debug|Any CPU
		{F1CCB315-C4A0-4C92-A00D-53D82748B6A5}.Release|Any CPU.ActiveCfg = Release|Any CPU
		{F1CCB315-C4A0-4C92-A00D-53D82748B6A5}.Release|Any CPU.Build.0 = Release|Any CPU
	EndGlobalSection
	GlobalSection(SolutionProperties) = preSolution
		HideSolutionNode = FALSE
	EndGlobalSection
	GlobalSection(ExtensibilityGlobals) = postSolution
		SolutionGuid = {4A3970B4-28EF-4B13-BC0D-F5E01770F14A}
	EndGlobalSection
EndGlobal
